// !$*UTF8*$!
{
	archiveVersion = 1;
	classes = {
	};
	objectVersion = 77;
	objects = {

/* Begin PBXBuildFile section */
		10649F732DA87D490070D5F2 /* FirebaseAnalytics in Frameworks */ = {isa = PBXBuildFile; productRef = 10649F722DA87D490070D5F2 /* FirebaseAnalytics */; };
		10649F752DA87D490070D5F2 /* FirebaseAnalyticsOnDeviceConversion in Frameworks */ = {isa = PBXBuildFile; productRef = 10649F742DA87D490070D5F2 /* FirebaseAnalyticsOnDeviceConversion */; };
		10649F772DA87D490070D5F2 /* FirebaseAnalyticsWithoutAdIdSupport in Frameworks */ = {isa = PBXBuildFile; productRef = 10649F762DA87D490070D5F2 /* FirebaseAnalyticsWithoutAdIdSupport */; };
		10649F792DA87D490070D5F2 /* FirebaseAppCheck in Frameworks */ = {isa = PBXBuildFile; productRef = 10649F782DA87D490070D5F2 /* FirebaseAppCheck */; };
		10649F7B2DA87D490070D5F2 /* FirebaseAppDistribution-Beta in Frameworks */ = {isa = PBXBuildFile; productRef = 10649F7A2DA87D490070D5F2 /* FirebaseAppDistribution-Beta */; };
		10649F7D2DA87D490070D5F2 /* FirebaseAuth in Frameworks */ = {isa = PBXBuildFile; productRef = 10649F7C2DA87D490070D5F2 /* FirebaseAuth */; };
		10649F7F2DA87D490070D5F2 /* FirebaseAuthCombine-Community in Frameworks */ = {isa = PBXBuildFile; productRef = 10649F7E2DA87D490070D5F2 /* FirebaseAuthCombine-Community */; };
		10649F812DA87D490070D5F2 /* FirebaseCore in Frameworks */ = {isa = PBXBuildFile; productRef = 10649F802DA87D490070D5F2 /* FirebaseCore */; };
		10649F832DA87D490070D5F2 /* FirebaseCrashlytics in Frameworks */ = {isa = PBXBuildFile; productRef = 10649F822DA87D490070D5F2 /* FirebaseCrashlytics */; };
		10649F852DA87D490070D5F2 /* FirebaseDatabase in Frameworks */ = {isa = PBXBuildFile; productRef = 10649F842DA87D490070D5F2 /* FirebaseDatabase */; };
		10649F872DA87D490070D5F2 /* FirebaseDynamicLinks in Frameworks */ = {isa = PBXBuildFile; productRef = 10649F862DA87D490070D5F2 /* FirebaseDynamicLinks */; };
		10649F892DA87D490070D5F2 /* FirebaseFirestore in Frameworks */ = {isa = PBXBuildFile; productRef = 10649F882DA87D490070D5F2 /* FirebaseFirestore */; };
		10649F8B2DA87D490070D5F2 /* FirebaseFirestoreCombine-Community in Frameworks */ = {isa = PBXBuildFile; productRef = 10649F8A2DA87D490070D5F2 /* FirebaseFirestoreCombine-Community */; };
		10649F8D2DA87D490070D5F2 /* FirebaseFunctions in Frameworks */ = {isa = PBXBuildFile; productRef = 10649F8C2DA87D490070D5F2 /* FirebaseFunctions */; };
		10649F8F2DA87D490070D5F2 /* FirebaseFunctionsCombine-Community in Frameworks */ = {isa = PBXBuildFile; productRef = 10649F8E2DA87D490070D5F2 /* FirebaseFunctionsCombine-Community */; };
		10649F912DA87D490070D5F2 /* FirebaseInAppMessaging-Beta in Frameworks */ = {isa = PBXBuildFile; productRef = 10649F902DA87D490070D5F2 /* FirebaseInAppMessaging-Beta */; };
		10649F932DA87D490070D5F2 /* FirebaseInstallations in Frameworks */ = {isa = PBXBuildFile; productRef = 10649F922DA87D490070D5F2 /* FirebaseInstallations */; };
		10649F952DA87D490070D5F2 /* FirebaseMLModelDownloader in Frameworks */ = {isa = PBXBuildFile; productRef = 10649F942DA87D490070D5F2 /* FirebaseMLModelDownloader */; };
		10649F972DA87D490070D5F2 /* FirebaseMessaging in Frameworks */ = {isa = PBXBuildFile; productRef = 10649F962DA87D490070D5F2 /* FirebaseMessaging */; };
		10649F992DA87D490070D5F2 /* FirebasePerformance in Frameworks */ = {isa = PBXBuildFile; productRef = 10649F982DA87D490070D5F2 /* FirebasePerformance */; };
		10649F9B2DA87D490070D5F2 /* FirebaseRemoteConfig in Frameworks */ = {isa = PBXBuildFile; productRef = 10649F9A2DA87D490070D5F2 /* FirebaseRemoteConfig */; };
		10649F9D2DA87D490070D5F2 /* FirebaseStorage in Frameworks */ = {isa = PBXBuildFile; productRef = 10649F9C2DA87D490070D5F2 /* FirebaseStorage */; };
		10649F9F2DA87D490070D5F2 /* FirebaseStorageCombine-Community in Frameworks */ = {isa = PBXBuildFile; productRef = 10649F9E2DA87D490070D5F2 /* FirebaseStorageCombine-Community */; };
		10649FA12DA87D490070D5F2 /* FirebaseVertexAI in Frameworks */ = {isa = PBXBuildFile; productRef = 10649FA02DA87D490070D5F2 /* FirebaseVertexAI */; };
/* End PBXBuildFile section */

/* Begin PBXContainerItemProxy section */
		103CE7272DA37E6B00EBBD87 /* PBXContainerItemProxy */ = {
			isa = PBXContainerItemProxy;
			containerPortal = 103CE70E2DA37E6A00EBBD87 /* Project object */;
			proxyType = 1;
			remoteGlobalIDString = 103CE7152DA37E6A00EBBD87;
			remoteInfo = KappaBetaConnect;
		};
		103CE7312DA37E6B00EBBD87 /* PBXContainerItemProxy */ = {
			isa = PBXContainerItemProxy;
			containerPortal = 103CE70E2DA37E6A00EBBD87 /* Project object */;
			proxyType = 1;
			remoteGlobalIDString = 103CE7152DA37E6A00EBBD87;
			remoteInfo = KappaBetaConnect;
		};
/* End PBXContainerItemProxy section */

/* Begin PBXFileReference section */
		103CE7162DA37E6A00EBBD87 /* KappaBetaConnect.app */ = {isa = PBXFileReference; explicitFileType = wrapper.application; includeInIndex = 0; path = KappaBetaConnect.app; sourceTree = BUILT_PRODUCTS_DIR; };
		103CE7262DA37E6B00EBBD87 /* KappaBetaConnectTests.xctest */ = {isa = PBXFileReference; explicitFileType = wrapper.cfbundle; includeInIndex = 0; path = KappaBetaConnectTests.xctest; sourceTree = BUILT_PRODUCTS_DIR; };
		103CE7302DA37E6B00EBBD87 /* KappaBetaConnectUITests.xctest */ = {isa = PBXFileReference; explicitFileType = wrapper.cfbundle; includeInIndex = 0; path = KappaBetaConnectUITests.xctest; sourceTree = BUILT_PRODUCTS_DIR; };
/* End PBXFileReference section */

/* Begin PBXFileSystemSynchronizedBuildFileExceptionSet section */
		104CD20D2DBBDDC100F05EC7 /* Exceptions for "KappaBetaConnect" folder in "KappaBetaConnect" target */ = {
			isa = PBXFileSystemSynchronizedBuildFileExceptionSet;
			membershipExceptions = (
				Info.plist,
			);
			target = 103CE7152DA37E6A00EBBD87 /* KappaBetaConnect */;
		};
/* End PBXFileSystemSynchronizedBuildFileExceptionSet section */

/* Begin PBXFileSystemSynchronizedRootGroup section */
		103CE7182DA37E6A00EBBD87 /* KappaBetaConnect */ = {
			isa = PBXFileSystemSynchronizedRootGroup;
			exceptions = (
				104CD20D2DBBDDC100F05EC7 /* Exceptions for "KappaBetaConnect" folder in "KappaBetaConnect" target */,
			);
			path = KappaBetaConnect;
			sourceTree = "<group>";
		};
		103CE7292DA37E6B00EBBD87 /* KappaBetaConnectTests */ = {
			isa = PBXFileSystemSynchronizedRootGroup;
			path = KappaBetaConnectTests;
			sourceTree = "<group>";
		};
		103CE7332DA37E6B00EBBD87 /* KappaBetaConnectUITests */ = {
			isa = PBXFileSystemSynchronizedRootGroup;
			path = KappaBetaConnectUITests;
			sourceTree = "<group>";
		};
/* End PBXFileSystemSynchronizedRootGroup section */

/* Begin PBXFrameworksBuildPhase section */
		103CE7132DA37E6A00EBBD87 /* Frameworks */ = {
			isa = PBXFrameworksBuildPhase;
			buildActionMask = 2147483647;
			files = (
				10649F8B2DA87D490070D5F2 /* FirebaseFirestoreCombine-Community in Frameworks */,
				10649FA12DA87D490070D5F2 /* FirebaseVertexAI in Frameworks */,
				10649F8D2DA87D490070D5F2 /* FirebaseFunctions in Frameworks */,
				10649F992DA87D490070D5F2 /* FirebasePerformance in Frameworks */,
				10649F9F2DA87D490070D5F2 /* FirebaseStorageCombine-Community in Frameworks */,
				10649F9B2DA87D490070D5F2 /* FirebaseRemoteConfig in Frameworks */,
				10649F852DA87D490070D5F2 /* FirebaseDatabase in Frameworks */,
				10649F872DA87D490070D5F2 /* FirebaseDynamicLinks in Frameworks */,
				10649F792DA87D490070D5F2 /* FirebaseAppCheck in Frameworks */,
				10649F7D2DA87D490070D5F2 /* FirebaseAuth in Frameworks */,
				10649F732DA87D490070D5F2 /* FirebaseAnalytics in Frameworks */,
				10649F892DA87D490070D5F2 /* FirebaseFirestore in Frameworks */,
				10649F972DA87D490070D5F2 /* FirebaseMessaging in Frameworks */,
				10649F932DA87D490070D5F2 /* FirebaseInstallations in Frameworks */,
				10649F8F2DA87D490070D5F2 /* FirebaseFunctionsCombine-Community in Frameworks */,
				10649F7B2DA87D490070D5F2 /* FirebaseAppDistribution-Beta in Frameworks */,
				10649F772DA87D490070D5F2 /* FirebaseAnalyticsWithoutAdIdSupport in Frameworks */,
				10649F912DA87D490070D5F2 /* FirebaseInAppMessaging-Beta in Frameworks */,
				10649F7F2DA87D490070D5F2 /* FirebaseAuthCombine-Community in Frameworks */,
				10649F832DA87D490070D5F2 /* FirebaseCrashlytics in Frameworks */,
				10649F952DA87D490070D5F2 /* FirebaseMLModelDownloader in Frameworks */,
				10649F9D2DA87D490070D5F2 /* FirebaseStorage in Frameworks */,
				10649F812DA87D490070D5F2 /* FirebaseCore in Frameworks */,
				10649F752DA87D490070D5F2 /* FirebaseAnalyticsOnDeviceConversion in Frameworks */,
			);
			runOnlyForDeploymentPostprocessing = 0;
		};
		103CE7232DA37E6B00EBBD87 /* Frameworks */ = {
			isa = PBXFrameworksBuildPhase;
			buildActionMask = 2147483647;
			files = (
			);
			runOnlyForDeploymentPostprocessing = 0;
		};
		103CE72D2DA37E6B00EBBD87 /* Frameworks */ = {
			isa = PBXFrameworksBuildPhase;
			buildActionMask = 2147483647;
			files = (
			);
			runOnlyForDeploymentPostprocessing = 0;
		};
/* End PBXFrameworksBuildPhase section */

/* Begin PBXGroup section */
		103CE70D2DA37E6A00EBBD87 = {
			isa = PBXGroup;
			children = (
				103CE7182DA37E6A00EBBD87 /* KappaBetaConnect */,
				103CE7292DA37E6B00EBBD87 /* KappaBetaConnectTests */,
				103CE7332DA37E6B00EBBD87 /* KappaBetaConnectUITests */,
				103CE7172DA37E6A00EBBD87 /* Products */,
			);
			sourceTree = "<group>";
		};
		103CE7172DA37E6A00EBBD87 /* Products */ = {
			isa = PBXGroup;
			children = (
				103CE7162DA37E6A00EBBD87 /* KappaBetaConnect.app */,
				103CE7262DA37E6B00EBBD87 /* KappaBetaConnectTests.xctest */,
				103CE7302DA37E6B00EBBD87 /* KappaBetaConnectUITests.xctest */,
			);
			name = Products;
			sourceTree = "<group>";
		};
/* End PBXGroup section */

/* Begin PBXNativeTarget section */
		103CE7152DA37E6A00EBBD87 /* KappaBetaConnect */ = {
			isa = PBXNativeTarget;
			buildConfigurationList = 103CE73A2DA37E6B00EBBD87 /* Build configuration list for PBXNativeTarget "KappaBetaConnect" */;
			buildPhases = (
				103CE7122DA37E6A00EBBD87 /* Sources */,
				103CE7132DA37E6A00EBBD87 /* Frameworks */,
				103CE7142DA37E6A00EBBD87 /* Resources */,
			);
			buildRules = (
			);
			dependencies = (
			);
			fileSystemSynchronizedGroups = (
				103CE7182DA37E6A00EBBD87 /* KappaBetaConnect */,
			);
			name = KappaBetaConnect;
			packageProductDependencies = (
				10649F722DA87D490070D5F2 /* FirebaseAnalytics */,
				10649F742DA87D490070D5F2 /* FirebaseAnalyticsOnDeviceConversion */,
				10649F762DA87D490070D5F2 /* FirebaseAnalyticsWithoutAdIdSupport */,
				10649F782DA87D490070D5F2 /* FirebaseAppCheck */,
				10649F7A2DA87D490070D5F2 /* FirebaseAppDistribution-Beta */,
				10649F7C2DA87D490070D5F2 /* FirebaseAuth */,
				10649F7E2DA87D490070D5F2 /* FirebaseAuthCombine-Community */,
				10649F802DA87D490070D5F2 /* FirebaseCore */,
				10649F822DA87D490070D5F2 /* FirebaseCrashlytics */,
				10649F842DA87D490070D5F2 /* FirebaseDatabase */,
				10649F862DA87D490070D5F2 /* FirebaseDynamicLinks */,
				10649F882DA87D490070D5F2 /* FirebaseFirestore */,
				10649F8A2DA87D490070D5F2 /* FirebaseFirestoreCombine-Community */,
				10649F8C2DA87D490070D5F2 /* FirebaseFunctions */,
				10649F8E2DA87D490070D5F2 /* FirebaseFunctionsCombine-Community */,
				10649F902DA87D490070D5F2 /* FirebaseInAppMessaging-Beta */,
				10649F922DA87D490070D5F2 /* FirebaseInstallations */,
				10649F942DA87D490070D5F2 /* FirebaseMLModelDownloader */,
				10649F962DA87D490070D5F2 /* FirebaseMessaging */,
				10649F982DA87D490070D5F2 /* FirebasePerformance */,
				10649F9A2DA87D490070D5F2 /* FirebaseRemoteConfig */,
				10649F9C2DA87D490070D5F2 /* FirebaseStorage */,
				10649F9E2DA87D490070D5F2 /* FirebaseStorageCombine-Community */,
				10649FA02DA87D490070D5F2 /* FirebaseVertexAI */,
			);
			productName = KappaBetaConnect;
			productReference = 103CE7162DA37E6A00EBBD87 /* KappaBetaConnect.app */;
			productType = "com.apple.product-type.application";
		};
		103CE7252DA37E6B00EBBD87 /* KappaBetaConnectTests */ = {
			isa = PBXNativeTarget;
			buildConfigurationList = 103CE73D2DA37E6B00EBBD87 /* Build configuration list for PBXNativeTarget "KappaBetaConnectTests" */;
			buildPhases = (
				103CE7222DA37E6B00EBBD87 /* Sources */,
				103CE7232DA37E6B00EBBD87 /* Frameworks */,
				103CE7242DA37E6B00EBBD87 /* Resources */,
			);
			buildRules = (
			);
			dependencies = (
				103CE7282DA37E6B00EBBD87 /* PBXTargetDependency */,
			);
			fileSystemSynchronizedGroups = (
				103CE7292DA37E6B00EBBD87 /* KappaBetaConnectTests */,
			);
			name = KappaBetaConnectTests;
			packageProductDependencies = (
			);
			productName = KappaBetaConnectTests;
			productReference = 103CE7262DA37E6B00EBBD87 /* KappaBetaConnectTests.xctest */;
			productType = "com.apple.product-type.bundle.unit-test";
		};
		103CE72F2DA37E6B00EBBD87 /* KappaBetaConnectUITests */ = {
			isa = PBXNativeTarget;
			buildConfigurationList = 103CE7402DA37E6B00EBBD87 /* Build configuration list for PBXNativeTarget "KappaBetaConnectUITests" */;
			buildPhases = (
				103CE72C2DA37E6B00EBBD87 /* Sources */,
				103CE72D2DA37E6B00EBBD87 /* Frameworks */,
				103CE72E2DA37E6B00EBBD87 /* Resources */,
			);
			buildRules = (
			);
			dependencies = (
				103CE7322DA37E6B00EBBD87 /* PBXTargetDependency */,
			);
			fileSystemSynchronizedGroups = (
				103CE7332DA37E6B00EBBD87 /* KappaBetaConnectUITests */,
			);
			name = KappaBetaConnectUITests;
			packageProductDependencies = (
			);
			productName = KappaBetaConnectUITests;
			productReference = 103CE7302DA37E6B00EBBD87 /* KappaBetaConnectUITests.xctest */;
			productType = "com.apple.product-type.bundle.ui-testing";
		};
/* End PBXNativeTarget section */

/* Begin PBXProject section */
		103CE70E2DA37E6A00EBBD87 /* Project object */ = {
			isa = PBXProject;
			attributes = {
				BuildIndependentTargetsInParallel = 1;
				LastSwiftUpdateCheck = 1620;
				LastUpgradeCheck = 1620;
				TargetAttributes = {
					103CE7152DA37E6A00EBBD87 = {
						CreatedOnToolsVersion = 16.2;
					};
					103CE7252DA37E6B00EBBD87 = {
						CreatedOnToolsVersion = 16.2;
						TestTargetID = 103CE7152DA37E6A00EBBD87;
					};
					103CE72F2DA37E6B00EBBD87 = {
						CreatedOnToolsVersion = 16.2;
						TestTargetID = 103CE7152DA37E6A00EBBD87;
					};
				};
			};
			buildConfigurationList = 103CE7112DA37E6A00EBBD87 /* Build configuration list for PBXProject "KappaBetaConnect" */;
			developmentRegion = en;
			hasScannedForEncodings = 0;
			knownRegions = (
				en,
				Base,
			);
			mainGroup = 103CE70D2DA37E6A00EBBD87;
			minimizedProjectReferenceProxies = 1;
			packageReferences = (
				10649F712DA87D490070D5F2 /* XCRemoteSwiftPackageReference "firebase-ios-sdk" */,
			);
			preferredProjectObjectVersion = 77;
			productRefGroup = 103CE7172DA37E6A00EBBD87 /* Products */;
			projectDirPath = "";
			projectRoot = "";
			targets = (
				103CE7152DA37E6A00EBBD87 /* KappaBetaConnect */,
				103CE7252DA37E6B00EBBD87 /* KappaBetaConnectTests */,
				103CE72F2DA37E6B00EBBD87 /* KappaBetaConnectUITests */,
			);
		};
/* End PBXProject section */

/* Begin PBXResourcesBuildPhase section */
		103CE7142DA37E6A00EBBD87 /* Resources */ = {
			isa = PBXResourcesBuildPhase;
			buildActionMask = 2147483647;
			files = (
			);
			runOnlyForDeploymentPostprocessing = 0;
		};
		103CE7242DA37E6B00EBBD87 /* Resources */ = {
			isa = PBXResourcesBuildPhase;
			buildActionMask = 2147483647;
			files = (
			);
			runOnlyForDeploymentPostprocessing = 0;
		};
		103CE72E2DA37E6B00EBBD87 /* Resources */ = {
			isa = PBXResourcesBuildPhase;
			buildActionMask = 2147483647;
			files = (
			);
			runOnlyForDeploymentPostprocessing = 0;
		};
/* End PBXResourcesBuildPhase section */

/* Begin PBXSourcesBuildPhase section */
		103CE7122DA37E6A00EBBD87 /* Sources */ = {
			isa = PBXSourcesBuildPhase;
			buildActionMask = 2147483647;
			files = (
			);
			runOnlyForDeploymentPostprocessing = 0;
		};
		103CE7222DA37E6B00EBBD87 /* Sources */ = {
			isa = PBXSourcesBuildPhase;
			buildActionMask = 2147483647;
			files = (
			);
			runOnlyForDeploymentPostprocessing = 0;
		};
		103CE72C2DA37E6B00EBBD87 /* Sources */ = {
			isa = PBXSourcesBuildPhase;
			buildActionMask = 2147483647;
			files = (
			);
			runOnlyForDeploymentPostprocessing = 0;
		};
/* End PBXSourcesBuildPhase section */

/* Begin PBXTargetDependency section */
		103CE7282DA37E6B00EBBD87 /* PBXTargetDependency */ = {
			isa = PBXTargetDependency;
			target = 103CE7152DA37E6A00EBBD87 /* KappaBetaConnect */;
			targetProxy = 103CE7272DA37E6B00EBBD87 /* PBXContainerItemProxy */;
		};
		103CE7322DA37E6B00EBBD87 /* PBXTargetDependency */ = {
			isa = PBXTargetDependency;
			target = 103CE7152DA37E6A00EBBD87 /* KappaBetaConnect */;
			targetProxy = 103CE7312DA37E6B00EBBD87 /* PBXContainerItemProxy */;
		};
/* End PBXTargetDependency section */

/* Begin XCBuildConfiguration section */
		103CE7382DA37E6B00EBBD87 /* Debug */ = {
			isa = XCBuildConfiguration;
			buildSettings = {
				ALWAYS_SEARCH_USER_PATHS = NO;
				ASSETCATALOG_COMPILER_GENERATE_SWIFT_ASSET_SYMBOL_EXTENSIONS = YES;
				CLANG_ANALYZER_NONNULL = YES;
				CLANG_ANALYZER_NUMBER_OBJECT_CONVERSION = YES_AGGRESSIVE;
				CLANG_CXX_LANGUAGE_STANDARD = "gnu++20";
				CLANG_ENABLE_MODULES = YES;
				CLANG_ENABLE_OBJC_ARC = YES;
				CLANG_ENABLE_OBJC_WEAK = YES;
				CLANG_WARN_BLOCK_CAPTURE_AUTORELEASING = YES;
				CLANG_WARN_BOOL_CONVERSION = YES;
				CLANG_WARN_COMMA = YES;
				CLANG_WARN_CONSTANT_CONVERSION = YES;
				CLANG_WARN_DEPRECATED_OBJC_IMPLEMENTATIONS = YES;
				CLANG_WARN_DIRECT_OBJC_ISA_USAGE = YES_ERROR;
				CLANG_WARN_DOCUMENTATION_COMMENTS = YES;
				CLANG_WARN_EMPTY_BODY = YES;
				CLANG_WARN_ENUM_CONVERSION = YES;
				CLANG_WARN_INFINITE_RECURSION = YES;
				CLANG_WARN_INT_CONVERSION = YES;
				CLANG_WARN_NON_LITERAL_NULL_CONVERSION = YES;
				CLANG_WARN_OBJC_IMPLICIT_RETAIN_SELF = YES;
				CLANG_WARN_OBJC_LITERAL_CONVERSION = YES;
				CLANG_WARN_OBJC_ROOT_CLASS = YES_ERROR;
				CLANG_WARN_QUOTED_INCLUDE_IN_FRAMEWORK_HEADER = YES;
				CLANG_WARN_RANGE_LOOP_ANALYSIS = YES;
				CLANG_WARN_STRICT_PROTOTYPES = YES;
				CLANG_WARN_SUSPICIOUS_MOVE = YES;
				CLANG_WARN_UNGUARDED_AVAILABILITY = YES_AGGRESSIVE;
				CLANG_WARN_UNREACHABLE_CODE = YES;
				CLANG_WARN__DUPLICATE_METHOD_MATCH = YES;
				CODE_SIGN_ENTITLEMENTS = KappaBetaConnect/KappaBetaConnectDebug.entitlements;
				"CODE_SIGN_ENTITLEMENTS[sdk=*]" = KappaBetaConnect/KappaBetaConnectDebug.entitlements;
				COPY_PHASE_STRIP = NO;
				DEBUG_INFORMATION_FORMAT = "dwarf-with-dsym";
				ENABLE_STRICT_OBJC_MSGSEND = YES;
				ENABLE_TESTABILITY = YES;
				ENABLE_USER_SCRIPT_SANDBOXING = YES;
				GCC_C_LANGUAGE_STANDARD = gnu17;
				GCC_DYNAMIC_NO_PIC = NO;
				GCC_NO_COMMON_BLOCKS = YES;
				GCC_OPTIMIZATION_LEVEL = 0;
				GCC_PREPROCESSOR_DEFINITIONS = (
					"DEBUG=1",
					"$(inherited)",
				);
				GCC_WARN_64_TO_32_BIT_CONVERSION = YES;
				GCC_WARN_ABOUT_RETURN_TYPE = YES_ERROR;
				GCC_WARN_UNDECLARED_SELECTOR = YES;
				GCC_WARN_UNINITIALIZED_AUTOS = YES_AGGRESSIVE;
				GCC_WARN_UNUSED_FUNCTION = YES;
				GCC_WARN_UNUSED_VARIABLE = YES;
				IPHONEOS_DEPLOYMENT_TARGET = 18.2;
				LOCALIZATION_PREFERS_STRING_CATALOGS = YES;
				MTL_ENABLE_DEBUG_INFO = INCLUDE_SOURCE;
				MTL_FAST_MATH = YES;
				ONLY_ACTIVE_ARCH = YES;
				SDKROOT = iphoneos;
				SWIFT_ACTIVE_COMPILATION_CONDITIONS = "DEBUG $(inherited)";
				SWIFT_OPTIMIZATION_LEVEL = "-Onone";
			};
			name = Debug;
		};
		103CE7392DA37E6B00EBBD87 /* Release */ = {
			isa = XCBuildConfiguration;
			buildSettings = {
				ALWAYS_SEARCH_USER_PATHS = NO;
				ASSETCATALOG_COMPILER_GENERATE_SWIFT_ASSET_SYMBOL_EXTENSIONS = YES;
				CLANG_ANALYZER_NONNULL = YES;
				CLANG_ANALYZER_NUMBER_OBJECT_CONVERSION = YES_AGGRESSIVE;
				CLANG_CXX_LANGUAGE_STANDARD = "gnu++20";
				CLANG_ENABLE_MODULES = YES;
				CLANG_ENABLE_OBJC_ARC = YES;
				CLANG_ENABLE_OBJC_WEAK = YES;
				CLANG_WARN_BLOCK_CAPTURE_AUTORELEASING = YES;
				CLANG_WARN_BOOL_CONVERSION = YES;
				CLANG_WARN_COMMA = YES;
				CLANG_WARN_CONSTANT_CONVERSION = YES;
				CLANG_WARN_DEPRECATED_OBJC_IMPLEMENTATIONS = YES;
				CLANG_WARN_DIRECT_OBJC_ISA_USAGE = YES_ERROR;
				CLANG_WARN_DOCUMENTATION_COMMENTS = YES;
				CLANG_WARN_EMPTY_BODY = YES;
				CLANG_WARN_ENUM_CONVERSION = YES;
				CLANG_WARN_INFINITE_RECURSION = YES;
				CLANG_WARN_INT_CONVERSION = YES;
				CLANG_WARN_NON_LITERAL_NULL_CONVERSION = YES;
				CLANG_WARN_OBJC_IMPLICIT_RETAIN_SELF = YES;
				CLANG_WARN_OBJC_LITERAL_CONVERSION = YES;
				CLANG_WARN_OBJC_ROOT_CLASS = YES_ERROR;
				CLANG_WARN_QUOTED_INCLUDE_IN_FRAMEWORK_HEADER = YES;
				CLANG_WARN_RANGE_LOOP_ANALYSIS = YES;
				CLANG_WARN_STRICT_PROTOTYPES = YES;
				CLANG_WARN_SUSPICIOUS_MOVE = YES;
				CLANG_WARN_UNGUARDED_AVAILABILITY = YES_AGGRESSIVE;
				CLANG_WARN_UNREACHABLE_CODE = YES;
				CLANG_WARN__DUPLICATE_METHOD_MATCH = YES;
				CODE_SIGN_ENTITLEMENTS = KappaBetaConnect/KappaBetaConnect.entitlements;
				"CODE_SIGN_ENTITLEMENTS[sdk=*]" = KappaBetaConnect/KappaBetaConnect.entitlements;
				COPY_PHASE_STRIP = NO;
				DEBUG_INFORMATION_FORMAT = "dwarf-with-dsym";
				ENABLE_NS_ASSERTIONS = NO;
				ENABLE_STRICT_OBJC_MSGSEND = YES;
				ENABLE_USER_SCRIPT_SANDBOXING = YES;
				GCC_C_LANGUAGE_STANDARD = gnu17;
				GCC_NO_COMMON_BLOCKS = YES;
				GCC_WARN_64_TO_32_BIT_CONVERSION = YES;
				GCC_WARN_ABOUT_RETURN_TYPE = YES_ERROR;
				GCC_WARN_UNDECLARED_SELECTOR = YES;
				GCC_WARN_UNINITIALIZED_AUTOS = YES_AGGRESSIVE;
				GCC_WARN_UNUSED_FUNCTION = YES;
				GCC_WARN_UNUSED_VARIABLE = YES;
				IPHONEOS_DEPLOYMENT_TARGET = 18.2;
				LOCALIZATION_PREFERS_STRING_CATALOGS = YES;
				MTL_ENABLE_DEBUG_INFO = NO;
				MTL_FAST_MATH = YES;
				SDKROOT = iphoneos;
				SWIFT_COMPILATION_MODE = wholemodule;
				VALIDATE_PRODUCT = YES;
			};
			name = Release;
		};
		103CE73B2DA37E6B00EBBD87 /* Debug */ = {
			isa = XCBuildConfiguration;
			buildSettings = {
				ASSETCATALOG_COMPILER_APPICON_NAME = AppIcon;
				ASSETCATALOG_COMPILER_GLOBAL_ACCENT_COLOR_NAME = AccentColor;
				CODE_SIGN_ENTITLEMENTS = KappaBetaConnect/KappaBetaConnectDebug.entitlements;
				CODE_SIGN_STYLE = Automatic;
				CURRENT_PROJECT_VERSION = 1.4.3;
				DEVELOPMENT_ASSET_PATHS = "\"KappaBetaConnect/Preview Content\"";
				DEVELOPMENT_TEAM = 49MCWFYTSU;
				ENABLE_PREVIEWS = YES;
				GENERATE_INFOPLIST_FILE = YES;
				INFOPLIST_FILE = KappaBetaConnect/Info.plist;
				INFOPLIST_KEY_CFBundleDisplayName = "Kappa Beta";
				INFOPLIST_KEY_NSCameraUsageDescription = "We need access to your camera to allow you to take profile pictures and share photos.";
				INFOPLIST_KEY_NSPhotoLibraryUsageDescription = "We need access to your photo library to allow you to choose profile pictures and share photos.";
				INFOPLIST_KEY_UIApplicationSupportsIndirectInputEvents = YES;
				INFOPLIST_KEY_UILaunchScreen_Generation = YES;
				INFOPLIST_KEY_UILaunchStoryboardName = LaunchScreen;
				INFOPLIST_KEY_UIRequiredDeviceCapabilities = armv7;
				INFOPLIST_KEY_UISupportedInterfaceOrientations = "UIInterfaceOrientationPortrait UIInterfaceOrientationLandscapeLeft UIInterfaceOrientationLandscapeRight";
				INFOPLIST_KEY_UISupportedInterfaceOrientations_iPad = "UIInterfaceOrientationPortrait UIInterfaceOrientationPortraitUpsideDown UIInterfaceOrientationLandscapeLeft UIInterfaceOrientationLandscapeRight";
				INFOPLIST_KEY_UISupportedInterfaceOrientations_iPhone = "UIInterfaceOrientationPortrait UIInterfaceOrientationLandscapeLeft UIInterfaceOrientationLandscapeRight";
				LD_RUNPATH_SEARCH_PATHS = (
					"$(inherited)",
					"@executable_path/Frameworks",
				);
				MARKETING_VERSION = 1.4.3;
				PRODUCT_BUNDLE_IDENTIFIER = com.innova.kappabeta;
				PRODUCT_NAME = "$(TARGET_NAME)";
				SWIFT_EMIT_LOC_STRINGS = YES;
				SWIFT_VERSION = 5.0;
				TARGETED_DEVICE_FAMILY = "1,2";
			};
			name = Debug;
		};
		103CE73C2DA37E6B00EBBD87 /* Release */ = {
			isa = XCBuildConfiguration;
			buildSettings = {
				ASSETCATALOG_COMPILER_APPICON_NAME = AppIcon;
				ASSETCATALOG_COMPILER_GLOBAL_ACCENT_COLOR_NAME = AccentColor;
				CODE_SIGN_ENTITLEMENTS = KappaBetaConnect/KappaBetaConnect.entitlements;
				CODE_SIGN_STYLE = Automatic;
				CURRENT_PROJECT_VERSION = 1.4.3;
				DEVELOPMENT_ASSET_PATHS = "\"KappaBetaConnect/Preview Content\"";
				DEVELOPMENT_TEAM = 49MCWFYTSU;
				ENABLE_PREVIEWS = YES;
				GENERATE_INFOPLIST_FILE = YES;
				INFOPLIST_FILE = KappaBetaConnect/Info.plist;
				INFOPLIST_KEY_CFBundleDisplayName = "Kappa Beta";
				INFOPLIST_KEY_NSCameraUsageDescription = "We need access to your camera to allow you to take profile pictures and share photos.";
				INFOPLIST_KEY_NSPhotoLibraryUsageDescription = "We need access to your photo library to allow you to choose profile pictures and share photos.";
				INFOPLIST_KEY_UIApplicationSupportsIndirectInputEvents = YES;
				INFOPLIST_KEY_UILaunchScreen_Generation = YES;
				INFOPLIST_KEY_UILaunchStoryboardName = LaunchScreen;
				INFOPLIST_KEY_UIRequiredDeviceCapabilities = armv7;
				INFOPLIST_KEY_UISupportedInterfaceOrientations = "UIInterfaceOrientationPortrait UIInterfaceOrientationLandscapeLeft UIInterfaceOrientationLandscapeRight";
				INFOPLIST_KEY_UISupportedInterfaceOrientations_iPad = "UIInterfaceOrientationPortrait UIInterfaceOrientationPortraitUpsideDown UIInterfaceOrientationLandscapeLeft UIInterfaceOrientationLandscapeRight";
				INFOPLIST_KEY_UISupportedInterfaceOrientations_iPhone = "UIInterfaceOrientationPortrait UIInterfaceOrientationLandscapeLeft UIInterfaceOrientationLandscapeRight";
				LD_RUNPATH_SEARCH_PATHS = (
					"$(inherited)",
					"@executable_path/Frameworks",
				);
				MARKETING_VERSION = 1.4.3;
				PRODUCT_BUNDLE_IDENTIFIER = com.innova.kappabeta;
				PRODUCT_NAME = "$(TARGET_NAME)";
				SWIFT_EMIT_LOC_STRINGS = YES;
				SWIFT_VERSION = 5.0;
				TARGETED_DEVICE_FAMILY = "1,2";
			};
			name = Release;
		};
		103CE73E2DA37E6B00EBBD87 /* Debug */ = {
			isa = XCBuildConfiguration;
			buildSettings = {
				BUNDLE_LOADER = "$(TEST_HOST)";
				CODE_SIGN_STYLE = Automatic;
				CURRENT_PROJECT_VERSION = 1;
				DEVELOPMENT_TEAM = 49MCWFYTSU;
				GENERATE_INFOPLIST_FILE = YES;
				IPHONEOS_DEPLOYMENT_TARGET = 18.2;
				MARKETING_VERSION = 1.0;
				PRODUCT_BUNDLE_IDENTIFIER = com.innova.KappaBetaConnectTests;
				PRODUCT_NAME = "$(TARGET_NAME)";
				SWIFT_EMIT_LOC_STRINGS = NO;
				SWIFT_VERSION = 5.0;
				TARGETED_DEVICE_FAMILY = "1,2";
				TEST_HOST = "$(BUILT_PRODUCTS_DIR)/KappaBetaConnect.app/$(BUNDLE_EXECUTABLE_FOLDER_PATH)/KappaBetaConnect";
			};
			name = Debug;
		};
		103CE73F2DA37E6B00EBBD87 /* Release */ = {
			isa = XCBuildConfiguration;
			buildSettings = {
				BUNDLE_LOADER = "$(TEST_HOST)";
				CODE_SIGN_STYLE = Automatic;
				CURRENT_PROJECT_VERSION = 1;
				DEVELOPMENT_TEAM = 49MCWFYTSU;
				GENERATE_INFOPLIST_FILE = YES;
				IPHONEOS_DEPLOYMENT_TARGET = 18.2;
				MARKETING_VERSION = 1.0;
				PRODUCT_BUNDLE_IDENTIFIER = com.innova.KappaBetaConnectTests;
				PRODUCT_NAME = "$(TARGET_NAME)";
				SWIFT_EMIT_LOC_STRINGS = NO;
				SWIFT_VERSION = 5.0;
				TARGETED_DEVICE_FAMILY = "1,2";
				TEST_HOST = "$(BUILT_PRODUCTS_DIR)/KappaBetaConnect.app/$(BUNDLE_EXECUTABLE_FOLDER_PATH)/KappaBetaConnect";
			};
			name = Release;
		};
		103CE7412DA37E6B00EBBD87 /* Debug */ = {
			isa = XCBuildConfiguration;
			buildSettings = {
				CODE_SIGN_STYLE = Automatic;
				CURRENT_PROJECT_VERSION = 1;
				DEVELOPMENT_TEAM = 49MCWFYTSU;
				GENERATE_INFOPLIST_FILE = YES;
				MARKETING_VERSION = 1.0;
				PRODUCT_BUNDLE_IDENTIFIER = com.innova.KappaBetaConnectUITests;
				PRODUCT_NAME = "$(TARGET_NAME)";
				SWIFT_EMIT_LOC_STRINGS = NO;
				SWIFT_VERSION = 5.0;
				TARGETED_DEVICE_FAMILY = "1,2";
				TEST_TARGET_NAME = KappaBetaConnect;
			};
			name = Debug;
		};
		103CE7422DA37E6B00EBBD87 /* Release */ = {
			isa = XCBuildConfiguration;
			buildSettings = {
				CODE_SIGN_STYLE = Automatic;
				CURRENT_PROJECT_VERSION = 1;
				DEVELOPMENT_TEAM = 49MCWFYTSU;
				GENERATE_INFOPLIST_FILE = YES;
				MARKETING_VERSION = 1.0;
				PRODUCT_BUNDLE_IDENTIFIER = com.innova.KappaBetaConnectUITests;
				PRODUCT_NAME = "$(TARGET_NAME)";
				SWIFT_EMIT_LOC_STRINGS = NO;
				SWIFT_VERSION = 5.0;
				TARGETED_DEVICE_FAMILY = "1,2";
				TEST_TARGET_NAME = KappaBetaConnect;
			};
			name = Release;
		};
/* End XCBuildConfiguration section */

/* Begin XCConfigurationList section */
		103CE7112DA37E6A00EBBD87 /* Build configuration list for PBXProject "KappaBetaConnect" */ = {
			isa = XCConfigurationList;
			buildConfigurations = (
				103CE7382DA37E6B00EBBD87 /* Debug */,
				103CE7392DA37E6B00EBBD87 /* Release */,
			);
			defaultConfigurationIsVisible = 0;
			defaultConfigurationName = Release;
		};
		103CE73A2DA37E6B00EBBD87 /* Build configuration list for PBXNativeTarget "KappaBetaConnect" */ = {
			isa = XCConfigurationList;
			buildConfigurations = (
				103CE73B2DA37E6B00EBBD87 /* Debug */,
				103CE73C2DA37E6B00EBBD87 /* Release */,
			);
			defaultConfigurationIsVisible = 0;
			defaultConfigurationName = Release;
		};
		103CE73D2DA37E6B00EBBD87 /* Build configuration list for PBXNativeTarget "KappaBetaConnectTests" */ = {
			isa = XCConfigurationList;
			buildConfigurations = (
				103CE73E2DA37E6B00EBBD87 /* Debug */,
				103CE73F2DA37E6B00EBBD87 /* Release */,
			);
			defaultConfigurationIsVisible = 0;
			defaultConfigurationName = Release;
		};
		103CE7402DA37E6B00EBBD87 /* Build configuration list for PBXNativeTarget "KappaBetaConnectUITests" */ = {
			isa = XCConfigurationList;
			buildConfigurations = (
				103CE7412DA37E6B00EBBD87 /* Debug */,
				103CE7422DA37E6B00EBBD87 /* Release */,
			);
			defaultConfigurationIsVisible = 0;
			defaultConfigurationName = Release;
		};
/* End XCConfigurationList section */

/* Begin XCRemoteSwiftPackageReference section */
		10649F712DA87D490070D5F2 /* XCRemoteSwiftPackageReference "firebase-ios-sdk" */ = {
			isa = XCRemoteSwiftPackageReference;
			repositoryURL = "https://github.com/firebase/firebase-ios-sdk.git";
			requirement = {
				kind = upToNextMajorVersion;
				minimumVersion = 11.11.0;
			};
		};
/* End XCRemoteSwiftPackageReference section */

/* Begin XCSwiftPackageProductDependency section */
		10649F722DA87D490070D5F2 /* FirebaseAnalytics */ = {
			isa = XCSwiftPackageProductDependency;
			package = 10649F712DA87D490070D5F2 /* XCRemoteSwiftPackageReference "firebase-ios-sdk" */;
			productName = FirebaseAnalytics;
		};
		10649F742DA87D490070D5F2 /* FirebaseAnalyticsOnDeviceConversion */ = {
			isa = XCSwiftPackageProductDependency;
			package = 10649F712DA87D490070D5F2 /* XCRemoteSwiftPackageReference "firebase-ios-sdk" */;
			productName = FirebaseAnalyticsOnDeviceConversion;
		};
		10649F762DA87D490070D5F2 /* FirebaseAnalyticsWithoutAdIdSupport */ = {
			isa = XCSwiftPackageProductDependency;
			package = 10649F712DA87D490070D5F2 /* XCRemoteSwiftPackageReference "firebase-ios-sdk" */;
			productName = FirebaseAnalyticsWithoutAdIdSupport;
		};
		10649F782DA87D490070D5F2 /* FirebaseAppCheck */ = {
			isa = XCSwiftPackageProductDependency;
			package = 10649F712DA87D490070D5F2 /* XCRemoteSwiftPackageReference "firebase-ios-sdk" */;
			productName = FirebaseAppCheck;
		};
		10649F7A2DA87D490070D5F2 /* FirebaseAppDistribution-Beta */ = {
			isa = XCSwiftPackageProductDependency;
			package = 10649F712DA87D490070D5F2 /* XCRemoteSwiftPackageReference "firebase-ios-sdk" */;
			productName = "FirebaseAppDistribution-Beta";
		};
		10649F7C2DA87D490070D5F2 /* FirebaseAuth */ = {
			isa = XCSwiftPackageProductDependency;
			package = 10649F712DA87D490070D5F2 /* XCRemoteSwiftPackageReference "firebase-ios-sdk" */;
			productName = FirebaseAuth;
		};
		10649F7E2DA87D490070D5F2 /* FirebaseAuthCombine-Community */ = {
			isa = XCSwiftPackageProductDependency;
			package = 10649F712DA87D490070D5F2 /* XCRemoteSwiftPackageReference "firebase-ios-sdk" */;
			productName = "FirebaseAuthCombine-Community";
		};
		10649F802DA87D490070D5F2 /* FirebaseCore */ = {
			isa = XCSwiftPackageProductDependency;
			package = 10649F712DA87D490070D5F2 /* XCRemoteSwiftPackageReference "firebase-ios-sdk" */;
			productName = FirebaseCore;
		};
		10649F822DA87D490070D5F2 /* FirebaseCrashlytics */ = {
			isa = XCSwiftPackageProductDependency;
			package = 10649F712DA87D490070D5F2 /* XCRemoteSwiftPackageReference "firebase-ios-sdk" */;
			productName = FirebaseCrashlytics;
		};
		10649F842DA87D490070D5F2 /* FirebaseDatabase */ = {
			isa = XCSwiftPackageProductDependency;
			package = 10649F712DA87D490070D5F2 /* XCRemoteSwiftPackageReference "firebase-ios-sdk" */;
			productName = FirebaseDatabase;
		};
		10649F862DA87D490070D5F2 /* FirebaseDynamicLinks */ = {
			isa = XCSwiftPackageProductDependency;
			package = 10649F712DA87D490070D5F2 /* XCRemoteSwiftPackageReference "firebase-ios-sdk" */;
			productName = FirebaseDynamicLinks;
		};
		10649F882DA87D490070D5F2 /* FirebaseFirestore */ = {
			isa = XCSwiftPackageProductDependency;
			package = 10649F712DA87D490070D5F2 /* XCRemoteSwiftPackageReference "firebase-ios-sdk" */;
			productName = FirebaseFirestore;
		};
		10649F8A2DA87D490070D5F2 /* FirebaseFirestoreCombine-Community */ = {
			isa = XCSwiftPackageProductDependency;
			package = 10649F712DA87D490070D5F2 /* XCRemoteSwiftPackageReference "firebase-ios-sdk" */;
			productName = "FirebaseFirestoreCombine-Community";
		};
		10649F8C2DA87D490070D5F2 /* FirebaseFunctions */ = {
			isa = XCSwiftPackageProductDependency;
			package = 10649F712DA87D490070D5F2 /* XCRemoteSwiftPackageReference "firebase-ios-sdk" */;
			productName = FirebaseFunctions;
		};
		10649F8E2DA87D490070D5F2 /* FirebaseFunctionsCombine-Community */ = {
			isa = XCSwiftPackageProductDependency;
			package = 10649F712DA87D490070D5F2 /* XCRemoteSwiftPackageReference "firebase-ios-sdk" */;
			productName = "FirebaseFunctionsCombine-Community";
		};
		10649F902DA87D490070D5F2 /* FirebaseInAppMessaging-Beta */ = {
			isa = XCSwiftPackageProductDependency;
			package = 10649F712DA87D490070D5F2 /* XCRemoteSwiftPackageReference "firebase-ios-sdk" */;
			productName = "FirebaseInAppMessaging-Beta";
		};
		10649F922DA87D490070D5F2 /* FirebaseInstallations */ = {
			isa = XCSwiftPackageProductDependency;
			package = 10649F712DA87D490070D5F2 /* XCRemoteSwiftPackageReference "firebase-ios-sdk" */;
			productName = FirebaseInstallations;
		};
		10649F942DA87D490070D5F2 /* FirebaseMLModelDownloader */ = {
			isa = XCSwiftPackageProductDependency;
			package = 10649F712DA87D490070D5F2 /* XCRemoteSwiftPackageReference "firebase-ios-sdk" */;
			productName = FirebaseMLModelDownloader;
		};
		10649F962DA87D490070D5F2 /* FirebaseMessaging */ = {
			isa = XCSwiftPackageProductDependency;
			package = 10649F712DA87D490070D5F2 /* XCRemoteSwiftPackageReference "firebase-ios-sdk" */;
			productName = FirebaseMessaging;
		};
		10649F982DA87D490070D5F2 /* FirebasePerformance */ = {
			isa = XCSwiftPackageProductDependency;
			package = 10649F712DA87D490070D5F2 /* XCRemoteSwiftPackageReference "firebase-ios-sdk" */;
			productName = FirebasePerformance;
		};
		10649F9A2DA87D490070D5F2 /* FirebaseRemoteConfig */ = {
			isa = XCSwiftPackageProductDependency;
			package = 10649F712DA87D490070D5F2 /* XCRemoteSwiftPackageReference "firebase-ios-sdk" */;
			productName = FirebaseRemoteConfig;
		};
		10649F9C2DA87D490070D5F2 /* FirebaseStorage */ = {
			isa = XCSwiftPackageProductDependency;
			package = 10649F712DA87D490070D5F2 /* XCRemoteSwiftPackageReference "firebase-ios-sdk" */;
			productName = FirebaseStorage;
		};
		10649F9E2DA87D490070D5F2 /* FirebaseStorageCombine-Community */ = {
			isa = XCSwiftPackageProductDependency;
			package = 10649F712DA87D490070D5F2 /* XCRemoteSwiftPackageReference "firebase-ios-sdk" */;
			productName = "FirebaseStorageCombine-Community";
		};
		10649FA02DA87D490070D5F2 /* FirebaseVertexAI */ = {
			isa = XCSwiftPackageProductDependency;
			package = 10649F712DA87D490070D5F2 /* XCRemoteSwiftPackageReference "firebase-ios-sdk" */;
			productName = FirebaseVertexAI;
		};
/* End XCSwiftPackageProductDependency section */
	};
	rootObject = 103CE70E2DA37E6A00EBBD87 /* Project object */;
}
